
Microsoft Visual Studio Solution File, Format Version 12.00
# Visual Studio Version 16
VisualStudioVersion = 16.0.29613.14
MinimumVisualStudioVersion = 10.0.40219.1
Project("{FAE04EC0-301F-11D3-BF4B-00C04F79EFBC}") = "BarCodeLogger", "BarCodeLogger\BarCodeLogger.csproj", "{1DC48B8B-B750-47A2-9585-986F47EC44BC}"
EndProject
Global
	GlobalSection(SolutionConfigurationPlatforms) = preSolution
		Debug|Any CPU = Debug|Any CPU
		Release|Any CPU = Release|Any CPU
	EndGlobalSection
	GlobalSection(ProjectConfigurationPlatforms) = postSolution
		{1DC48B8B-B750-47A2-9585-986F47EC44BC}.Debug|Any CPU.ActiveCfg = Debug|Any CPU
		{1DC48B8B-B750-47A2-9585-986F47EC44BC}.Debug|Any CPU.Build.0 = Debug|Any CPU
		{1DC48B8B-B750-47A2-9585-986F47EC44BC}.Release|Any CPU.ActiveCfg = Release|Any CPU
		{1DC48B8B-B750-47A2-9585-986F47EC44BC}.Release|Any CPU.Build.0 = Release|Any CPU
	EndGlobalSection
	GlobalSection(SolutionProperties) = preSolution
		HideSolutionNode = FALSE
	EndGlobalSection
	GlobalSection(ExtensibilityGlobals) = postSolution
		SolutionGuid = {CC25F4F4-6176-4561-968B-5D7DF82AAD4A}
	EndGlobalSection
EndGlobal
